{
  "object": {
    "pins": [
      {
        "package": "Bits",
        "repositoryURL": "https://github.com/vapor/bits.git",
        "state": {
          "branch": null,
          "revision": "c32f5e6ae2007dccd21a92b7e33eba842dd80d2f",
          "version": "1.1.0"
        }
      },
      {
        "package": "CCurl",
        "repositoryURL": "https://github.com/toto/CCurl.git",
        "state": {
          "branch": null,
          "revision": "eeb8d1cf64db769951e45add60e0f9ede7cee206",
          "version": "0.4.2"
        }
      },
      {
        "package": "CLibreSSL",
        "repositoryURL": "https://github.com/vapor/clibressl.git",
        "state": {
          "branch": null,
          "revision": "23ddb296981d17a8ee6c7418742a40cad5d2f9d0",
          "version": "1.0.0"
        }
      },
      {
        "package": "CTLS",
        "repositoryURL": "https://github.com/vapor/ctls.git",
        "state": {
          "branch": null,
          "revision": "fddec6a4643d6e85b6bb6dc54b1b5cdbabd395d2",
          "version": "1.1.2"
        }
      },
      {
        "package": "Console",
        "repositoryURL": "https://github.com/vapor/console.git",
        "state": {
          "branch": null,
          "revision": "78d27da2838aa2fb0354037e71a589583d166b41",
          "version": "2.3.1"
        }
      },
      {
        "package": "Core",
        "repositoryURL": "https://github.com/vapor/core.git",
        "state": {
          "branch": null,
          "revision": "f9f3a585ab0ea5764b46d7a36d9c0d9d508b9c63",
          "version": "2.2.0"
        }
      },
      {
        "package": "Crypto",
        "repositoryURL": "https://github.com/vapor/crypto.git",
        "state": {
          "branch": null,
          "revision": "946edc6642d6825982a2f52a268a8ba9bd520a3d",
          "version": "2.1.2"
        }
      },
      {
        "package": "Debugging",
        "repositoryURL": "https://github.com/vapor/debugging.git",
        "state": {
          "branch": null,
          "revision": "fc5a27d6eb236141dc24e5f14eedaa2e035ae7b3",
          "version": "1.1.1"
        }
      },
      {
        "package": "Engine",
        "repositoryURL": "https://github.com/vapor/engine.git",
        "state": {
          "branch": null,
          "revision": "c10bff75382f8e1f9476e4a9ebc470e18842c844",
          "version": "2.2.2"
        }
      },
      {
        "package": "JSON",
        "repositoryURL": "https://github.com/vapor/json.git",
        "state": {
          "branch": null,
          "revision": "6c7ce40d30b322d45cc49a8f1d742609d3228eb7",
          "version": "2.2.2"
        }
      },
      {
        "package": "JWT",
        "repositoryURL": "https://github.com/vapor/jwt.git",
        "state": {
          "branch": null,
          "revision": "84f4cabfa702208bddfd93cd76df88df9e6ef4ef",
          "version": "2.3.0"
        }
      },
      {
        "package": "Node",
        "repositoryURL": "https://github.com/vapor/node.git",
        "state": {
          "branch": null,
          "revision": "d1a2a5938d293c8a6ffcb73e04d16791cd8025a3",
          "version": "2.1.2"
        }
      },
      {
        "package": "Random",
        "repositoryURL": "https://github.com/vapor/random.git",
        "state": {
          "branch": null,
          "revision": "d7c4397d125caba795d14d956efacfe2a27a63d0",
          "version": "1.2.0"
        }
      },
      {
        "package": "Sockets",
        "repositoryURL": "https://github.com/vapor/sockets.git",
        "state": {
          "branch": null,
          "revision": "70d14c0e223257176f5ef69a595f7cad5de7a88b",
          "version": "2.2.1"
        }
      },
      {
        "package": "SwiftString",
        "repositoryURL": "https://github.com/matthijs2704/SwiftString.git",
        "state": {
          "branch": null,
          "revision": "b320f25e77a4a6b826ea2e40c5fe83936d5cafe8",
          "version": "1.0.7"
        }
      },
      {
        "package": "TLS",
        "repositoryURL": "https://github.com/vapor/tls.git",
        "state": {
          "branch": null,
          "revision": "02a47309249e69358aa3c28b5853897585d7a750",
          "version": "2.1.2"
        }
      }
    ]
  },
  "version": 1
}
